
Microsoft Visual Studio Solution File, Format Version 12.00
# Visual Studio 14
VisualStudioVersion = 14.0.25420.1
MinimumVisualStudioVersion = 10.0.40219.1
Project("{8BB2217D-0F2D-49D1-97BC-3654ED321F3B}") = "Lenoard.AspNetCore", "Lenoard.AspNetCore\Lenoard.AspNetCore.xproj", "{C5AD7A4B-3889-4B7B-B0FA-AEEF94B88EAC}"
EndProject
Project("{8BB2217D-0F2D-49D1-97BC-3654ED321F3B}") = "Lenoard.AspNetCore.Testing.WebApp", "Lenoard.AspNetCore.Testing.WebApp\Lenoard.AspNetCore.Testing.WebApp.xproj", "{D4CB1FE1-EB48-4FF3-A018-48CAA48DDC67}"
EndProject
Project("{8BB2217D-0F2D-49D1-97BC-3654ED321F3B}") = "Lenoard.AspNetCore.UnitTests", "Lenoard.AspNetCore.Testing.UnitTests\Lenoard.AspNetCore.UnitTests.xproj", "{9A488E45-51CD-4BA9-A347-7D769DCE8373}"
EndProject
Global
	GlobalSection(SolutionConfigurationPlatforms) = preSolution
		Debug|Any CPU = Debug|Any CPU
		Release|Any CPU = Release|Any CPU
	EndGlobalSection
	GlobalSection(ProjectConfigurationPlatforms) = postSolution
		{C5AD7A4B-3889-4B7B-B0FA-AEEF94B88EAC}.Debug|Any CPU.ActiveCfg = Debug|Any CPU
		{C5AD7A4B-3889-4B7B-B0FA-AEEF94B88EAC}.Debug|Any CPU.Build.0 = Debug|Any CPU
		{C5AD7A4B-3889-4B7B-B0FA-AEEF94B88EAC}.Release|Any CPU.ActiveCfg = Release|Any CPU
		{C5AD7A4B-3889-4B7B-B0FA-AEEF94B88EAC}.Release|Any CPU.Build.0 = Release|Any CPU
		{D4CB1FE1-EB48-4FF3-A018-48CAA48DDC67}.Debug|Any CPU.ActiveCfg = Debug|Any CPU
		{D4CB1FE1-EB48-4FF3-A018-48CAA48DDC67}.Debug|Any CPU.Build.0 = Debug|Any CPU
		{D4CB1FE1-EB48-4FF3-A018-48CAA48DDC67}.Release|Any CPU.ActiveCfg = Release|Any CPU
		{D4CB1FE1-EB48-4FF3-A018-48CAA48DDC67}.Release|Any CPU.Build.0 = Release|Any CPU
		{9A488E45-51CD-4BA9-A347-7D769DCE8373}.Debug|Any CPU.ActiveCfg = Debug|Any CPU
		{9A488E45-51CD-4BA9-A347-7D769DCE8373}.Debug|Any CPU.Build.0 = Debug|Any CPU
		{9A488E45-51CD-4BA9-A347-7D769DCE8373}.Release|Any CPU.ActiveCfg = Release|Any CPU
		{9A488E45-51CD-4BA9-A347-7D769DCE8373}.Release|Any CPU.Build.0 = Release|Any CPU
	EndGlobalSection
	GlobalSection(SolutionProperties) = preSolution
		HideSolutionNode = FALSE
	EndGlobalSection
EndGlobal
